
Microsoft Visual Studio Solution File, Format Version 12.00
# Visual Studio 14
VisualStudioVersion = 14.0.25420.1
MinimumVisualStudioVersion = 10.0.40219.1
Project("{FAE04EC0-301F-11D3-BF4B-00C04F79EFBC}") = "SecureTockenService", "SecureTockenService\SecureTockenService.csproj", "{1E9F7143-36E8-438A-B6BB-879D1C01F1D2}"
EndProject
Project("{FAE04EC0-301F-11D3-BF4B-00C04F79EFBC}") = "ServiceHost", "ServiceHost\ServiceHost.csproj", "{D2A125E5-87C5-4BDA-A63F-FA43D9F0E337}"
EndProject
Global
	GlobalSection(SolutionConfigurationPlatforms) = preSolution
		Debug|Any CPU = Debug|Any CPU
		Release|Any CPU = Release|Any CPU
	EndGlobalSection
	GlobalSection(ProjectConfigurationPlatforms) = postSolution
		{1E9F7143-36E8-438A-B6BB-879D1C01F1D2}.Debug|Any CPU.ActiveCfg = Debug|Any CPU
		{1E9F7143-36E8-438A-B6BB-879D1C01F1D2}.Debug|Any CPU.Build.0 = Debug|Any CPU
		{1E9F7143-36E8-438A-B6BB-879D1C01F1D2}.Release|Any CPU.ActiveCfg = Release|Any CPU
		{1E9F7143-36E8-438A-B6BB-879D1C01F1D2}.Release|Any CPU.Build.0 = Release|Any CPU
		{D2A125E5-87C5-4BDA-A63F-FA43D9F0E337}.Debug|Any CPU.ActiveCfg = Debug|Any CPU
		{D2A125E5-87C5-4BDA-A63F-FA43D9F0E337}.Debug|Any CPU.Build.0 = Debug|Any CPU
		{D2A125E5-87C5-4BDA-A63F-FA43D9F0E337}.Release|Any CPU.ActiveCfg = Release|Any CPU
		{D2A125E5-87C5-4BDA-A63F-FA43D9F0E337}.Release|Any CPU.Build.0 = Release|Any CPU
	EndGlobalSection
	GlobalSection(SolutionProperties) = preSolution
		HideSolutionNode = FALSE
	EndGlobalSection
EndGlobal
